
Microsoft Visual Studio Solution File, Format Version 12.00
# Visual Studio Version 17
VisualStudioVersion = 17.10.34607.79
MinimumVisualStudioVersion = 10.0.40219.1
Project("{FAE04EC0-301F-11D3-BF4B-00C04F79EFBC}") = "api", "api\api.csproj", "{1248EB95-D4D6-438E-8BA1-41BB1862F91F}"
EndProject
Global
	GlobalSection(SolutionConfigurationPlatforms) = preSolution
		Debug|Any CPU = Debug|Any CPU
		Release|Any CPU = Release|Any CPU
	EndGlobalSection
	GlobalSection(ProjectConfigurationPlatforms) = postSolution
		{1248EB95-D4D6-438E-8BA1-41BB1862F91F}.Debug|Any CPU.ActiveCfg = Debug|Any CPU
		{1248EB95-D4D6-438E-8BA1-41BB1862F91F}.Debug|Any CPU.Build.0 = Debug|Any CPU
		{1248EB95-D4D6-438E-8BA1-41BB1862F91F}.Release|Any CPU.ActiveCfg = Release|Any CPU
		{1248EB95-D4D6-438E-8BA1-41BB1862F91F}.Release|Any CPU.Build.0 = Release|Any CPU
	EndGlobalSection
	GlobalSection(SolutionProperties) = preSolution
		HideSolutionNode = FALSE
	EndGlobalSection
	GlobalSection(ExtensibilityGlobals) = postSolution
		SolutionGuid = {14C1DD2A-5C5E-4A0E-A62F-7DD778D92375}
	EndGlobalSection
EndGlobal
